
Microsoft Visual Studio Solution File, Format Version 12.00
# Visual Studio Version 17
VisualStudioVersion = 17.0.31717.71
MinimumVisualStudioVersion = 10.0.40219.1
Project("{9A19103F-16F7-4668-BE54-9A1E7A4F7556}") = "GShark.gRPC", "GShark.gRPC\GShark.gRPC.csproj", "{4E1613BF-7595-4572-A945-539159BF720F}"
EndProject
Project("{9A19103F-16F7-4668-BE54-9A1E7A4F7556}") = "GShark.gRPC.Base", "GShark.gRPC.Base\GShark.gRPC.Base.csproj", "{DEA00E0C-8612-47AD-948E-1380C1B3198C}"
EndProject
Project("{9A19103F-16F7-4668-BE54-9A1E7A4F7556}") = "GShark.gRPC.Protos", "GShark.gRPC.Protos\GShark.gRPC.Protos.csproj", "{C314E516-755E-4143-A4C2-78F07CE8A8D7}"
EndProject
Project("{9A19103F-16F7-4668-BE54-9A1E7A4F7556}") = "GShark.gRPC.DTOs", "GShark.gRPC.DTOs\GShark.gRPC.DTOs.csproj", "{C41A0E68-44D1-4D14-9CF5-41597618DAAF}"
EndProject
Project("{9A19103F-16F7-4668-BE54-9A1E7A4F7556}") = "GShark.gRPC.Methods", "GShark.gRPC.Methods\GShark.gRPC.Methods.csproj", "{FD7EA971-A6B9-4641-9DD1-91E29F4F392B}"
EndProject
Project("{FAE04EC0-301F-11D3-BF4B-00C04F79EFBC}") = "gShark.gRPC.Client", "gShark.gRPC.Client\gShark.gRPC.Client.csproj", "{76F6F6FD-9A96-48A3-9C09-E3E359078824}"
EndProject
Project("{FAE04EC0-301F-11D3-BF4B-00C04F79EFBC}") = "GShark.gRPC.Tests.Load", "GShark.gRPC.Tests.Load\GShark.gRPC.Tests.Load.csproj", "{0C870086-7EFB-44EA-A7BF-A85D255DAC43}"
EndProject
Global
	GlobalSection(SolutionConfigurationPlatforms) = preSolution
		Debug|Any CPU = Debug|Any CPU
		Release|Any CPU = Release|Any CPU
	EndGlobalSection
	GlobalSection(ProjectConfigurationPlatforms) = postSolution
		{4E1613BF-7595-4572-A945-539159BF720F}.Debug|Any CPU.ActiveCfg = Debug|Any CPU
		{4E1613BF-7595-4572-A945-539159BF720F}.Debug|Any CPU.Build.0 = Debug|Any CPU
		{4E1613BF-7595-4572-A945-539159BF720F}.Release|Any CPU.ActiveCfg = Release|Any CPU
		{4E1613BF-7595-4572-A945-539159BF720F}.Release|Any CPU.Build.0 = Release|Any CPU
		{DEA00E0C-8612-47AD-948E-1380C1B3198C}.Debug|Any CPU.ActiveCfg = Debug|Any CPU
		{DEA00E0C-8612-47AD-948E-1380C1B3198C}.Debug|Any CPU.Build.0 = Debug|Any CPU
		{DEA00E0C-8612-47AD-948E-1380C1B3198C}.Release|Any CPU.ActiveCfg = Release|Any CPU
		{DEA00E0C-8612-47AD-948E-1380C1B3198C}.Release|Any CPU.Build.0 = Release|Any CPU
		{C314E516-755E-4143-A4C2-78F07CE8A8D7}.Debug|Any CPU.ActiveCfg = Debug|Any CPU
		{C314E516-755E-4143-A4C2-78F07CE8A8D7}.Debug|Any CPU.Build.0 = Debug|Any CPU
		{C314E516-755E-4143-A4C2-78F07CE8A8D7}.Release|Any CPU.ActiveCfg = Release|Any CPU
		{C314E516-755E-4143-A4C2-78F07CE8A8D7}.Release|Any CPU.Build.0 = Release|Any CPU
		{C41A0E68-44D1-4D14-9CF5-41597618DAAF}.Debug|Any CPU.ActiveCfg = Debug|Any CPU
		{C41A0E68-44D1-4D14-9CF5-41597618DAAF}.Debug|Any CPU.Build.0 = Debug|Any CPU
		{C41A0E68-44D1-4D14-9CF5-41597618DAAF}.Release|Any CPU.ActiveCfg = Release|Any CPU
		{C41A0E68-44D1-4D14-9CF5-41597618DAAF}.Release|Any CPU.Build.0 = Release|Any CPU
		{FD7EA971-A6B9-4641-9DD1-91E29F4F392B}.Debug|Any CPU.ActiveCfg = Debug|Any CPU
		{FD7EA971-A6B9-4641-9DD1-91E29F4F392B}.Debug|Any CPU.Build.0 = Debug|Any CPU
		{FD7EA971-A6B9-4641-9DD1-91E29F4F392B}.Release|Any CPU.ActiveCfg = Release|Any CPU
		{FD7EA971-A6B9-4641-9DD1-91E29F4F392B}.Release|Any CPU.Build.0 = Release|Any CPU
		{76F6F6FD-9A96-48A3-9C09-E3E359078824}.Debug|Any CPU.ActiveCfg = Debug|Any CPU
		{76F6F6FD-9A96-48A3-9C09-E3E359078824}.Debug|Any CPU.Build.0 = Debug|Any CPU
		{76F6F6FD-9A96-48A3-9C09-E3E359078824}.Release|Any CPU.ActiveCfg = Release|Any CPU
		{76F6F6FD-9A96-48A3-9C09-E3E359078824}.Release|Any CPU.Build.0 = Release|Any CPU
		{0C870086-7EFB-44EA-A7BF-A85D255DAC43}.Debug|Any CPU.ActiveCfg = Debug|Any CPU
		{0C870086-7EFB-44EA-A7BF-A85D255DAC43}.Debug|Any CPU.Build.0 = Debug|Any CPU
		{0C870086-7EFB-44EA-A7BF-A85D255DAC43}.Release|Any CPU.ActiveCfg = Release|Any CPU
		{0C870086-7EFB-44EA-A7BF-A85D255DAC43}.Release|Any CPU.Build.0 = Release|Any CPU
	EndGlobalSection
	GlobalSection(SolutionProperties) = preSolution
		HideSolutionNode = FALSE
	EndGlobalSection
	GlobalSection(ExtensibilityGlobals) = postSolution
		SolutionGuid = {F5018FB6-AAD9-41C5-85FF-3C0459A5ACFF}
	EndGlobalSection
EndGlobal
